// !$*UTF8*$!
{
	archiveVersion = 1;
	classes = {
	};
	objectVersion = 46;
	objects = {

/* Begin PBXBuildFile section */
		01F8483C1BE743CF00E018F8 /* AppDelegate.swift in Sources */ = {isa = PBXBuildFile; fileRef = 01F8483B1BE743CF00E018F8 /* AppDelegate.swift */; };
		01F8483E1BE743CF00E018F8 /* ViewController.swift in Sources */ = {isa = PBXBuildFile; fileRef = 01F8483D1BE743CF00E018F8 /* ViewController.swift */; };
		01F848411BE743CF00E018F8 /* Main.storyboard in Resources */ = {isa = PBXBuildFile; fileRef = 01F8483F1BE743CF00E018F8 /* Main.storyboard */; };
		01F848431BE743CF00E018F8 /* Images.xcassets in Resources */ = {isa = PBXBuildFile; fileRef = 01F848421BE743CF00E018F8 /* Images.xcassets */; };
		01F848461BE743CF00E018F8 /* LaunchScreen.xib in Resources */ = {isa = PBXBuildFile; fileRef = 01F848441BE743CF00E018F8 /* LaunchScreen.xib */; };
		01F848521BE743D000E018F8 /* Notifiy_SwiftTests.swift in Sources */ = {isa = PBXBuildFile; fileRef = 01F848511BE743D000E018F8 /* Notifiy_SwiftTests.swift */; };
		01F8485C1BE7441A00E018F8 /* ReciverController.swift in Sources */ = {isa = PBXBuildFile; fileRef = 01F8485B1BE7441A00E018F8 /* ReciverController.swift */; };
/* End PBXBuildFile section */

/* Begin PBXContainerItemProxy section */
		01F8484C1BE743D000E018F8 /* PBXContainerItemProxy */ = {
			isa = PBXContainerItemProxy;
			containerPortal = 01F8482E1BE743CF00E018F8 /* Project object */;
			proxyType = 1;
			remoteGlobalIDString = 01F848351BE743CF00E018F8;
			remoteInfo = Notifiy_Swift;
		};
/* End PBXContainerItemProxy section */

/* Begin PBXFileReference section */
		01F848361BE743CF00E018F8 /* Notifiy_Swift.app */ = {isa = PBXFileReference; explicitFileType = wrapper.application; includeInIndex = 0; path = Notifiy_Swift.app; sourceTree = BUILT_PRODUCTS_DIR; };
		01F8483A1BE743CF00E018F8 /* Info.plist */ = {isa = PBXFileReference; lastKnownFileType = text.plist.xml; path = Info.plist; sourceTree = "<group>"; };
		01F8483B1BE743CF00E018F8 /* AppDelegate.swift */ = {isa = PBXFileReference; lastKnownFileType = sourcecode.swift; path = AppDelegate.swift; sourceTree = "<group>"; };
		01F8483D1BE743CF00E018F8 /* ViewController.swift */ = {isa = PBXFileReference; lastKnownFileType = sourcecode.swift; path = ViewController.swift; sourceTree = "<group>"; };
		01F848401BE743CF00E018F8 /* Base */ = {isa = PBXFileReference; lastKnownFileType = file.storyboard; name = Base; path = Base.lproj/Main.storyboard; sourceTree = "<group>"; };
		01F848421BE743CF00E018F8 /* Images.xcassets */ = {isa = PBXFileReference; lastKnownFileType = folder.assetcatalog; path = Images.xcassets; sourceTree = "<group>"; };
		01F848451BE743CF00E018F8 /* Base */ = {isa = PBXFileReference; lastKnownFileType = file.xib; name = Base; path = Base.lproj/LaunchScreen.xib; sourceTree = "<group>"; };
		01F8484B1BE743D000E018F8 /* Notifiy_SwiftTests.xctest */ = {isa = PBXFileReference; explicitFileType = wrapper.cfbundle; includeInIndex = 0; path = Notifiy_SwiftTests.xctest; sourceTree = BUILT_PRODUCTS_DIR; };
		01F848501BE743D000E018F8 /* Info.plist */ = {isa = PBXFileReference; lastKnownFileType = text.plist.xml; path = Info.plist; sourceTree = "<group>"; };
		01F848511BE743D000E018F8 /* Notifiy_SwiftTests.swift */ = {isa = PBXFileReference; lastKnownFileType = sourcecode.swift; path = Notifiy_SwiftTests.swift; sourceTree = "<group>"; };
		01F8485B1BE7441A00E018F8 /* ReciverController.swift */ = {isa = PBXFileReference; fileEncoding = 4; lastKnownFileType = sourcecode.swift; path = ReciverController.swift; sourceTree = "<group>"; };
/* End PBXFileReference section */

/* Begin PBXFrameworksBuildPhase section */
		01F848331BE743CF00E018F8 /* Frameworks */ = {
			isa = PBXFrameworksBuildPhase;
			buildActionMask = 2147483647;
			files = (
			);
			runOnlyForDeploymentPostprocessing = 0;
		};
		01F848481BE743D000E018F8 /* Frameworks */ = {
			isa = PBXFrameworksBuildPhase;
			buildActionMask = 2147483647;
			files = (
			);
			runOnlyForDeploymentPostprocessing = 0;
		};
/* End PBXFrameworksBuildPhase section */

/* Begin PBXGroup section */
		01F8482D1BE743CF00E018F8 = {
			isa = PBXGroup;
			children = (
				01F848381BE743CF00E018F8 /* Notifiy_Swift */,
				01F8484E1BE743D000E018F8 /* Notifiy_SwiftTests */,
				01F848371BE743CF00E018F8 /* Products */,
			);
			sourceTree = "<group>";
		};
		01F848371BE743CF00E018F8 /* Products */ = {
			isa = PBXGroup;
			children = (
				01F848361BE743CF00E018F8 /* Notifiy_Swift.app */,
				01F8484B1BE743D000E018F8 /* Notifiy_SwiftTests.xctest */,
			);
			name = Products;
			sourceTree = "<group>";
		};
		01F848381BE743CF00E018F8 /* Notifiy_Swift */ = {
			isa = PBXGroup;
			children = (
				01F8483B1BE743CF00E018F8 /* AppDelegate.swift */,
				01F8483D1BE743CF00E018F8 /* ViewController.swift */,
				01F8485B1BE7441A00E018F8 /* ReciverController.swift */,
				01F8483F1BE743CF00E018F8 /* Main.storyboard */,
				01F848421BE743CF00E018F8 /* Images.xcassets */,
				01F848441BE743CF00E018F8 /* LaunchScreen.xib */,
				01F848391BE743CF00E018F8 /* Supporting Files */,
			);
			path = Notifiy_Swift;
			sourceTree = "<group>";
		};
		01F848391BE743CF00E018F8 /* Supporting Files */ = {
			isa = PBXGroup;
			children = (
				01F8483A1BE743CF00E018F8 /* Info.plist */,
			);
			name = "Supporting Files";
			sourceTree = "<group>";
		};
		01F8484E1BE743D000E018F8 /* Notifiy_SwiftTests */ = {
			isa = PBXGroup;
			children = (
				01F848511BE743D000E018F8 /* Notifiy_SwiftTests.swift */,
				01F8484F1BE743D000E018F8 /* Supporting Files */,
			);
			path = Notifiy_SwiftTests;
			sourceTree = "<group>";
		};
		01F8484F1BE743D000E018F8 /* Supporting Files */ = {
			isa = PBXGroup;
			children = (
				01F848501BE743D000E018F8 /* Info.plist */,
			);
			name = "Supporting Files";
			sourceTree = "<group>";
		};
/* End PBXGroup section */

/* Begin PBXNativeTarget section */
		01F848351BE743CF00E018F8 /* Notifiy_Swift */ = {
			isa = PBXNativeTarget;
			buildConfigurationList = 01F848551BE743D000E018F8 /* Build configuration list for PBXNativeTarget "Notifiy_Swift" */;
			buildPhases = (
				01F848321BE743CF00E018F8 /* Sources */,
				01F848331BE743CF00E018F8 /* Frameworks */,
				01F848341BE743CF00E018F8 /* Resources */,
			);
			buildRules = (
			);
			dependencies = (
			);
			name = Notifiy_Swift;
			productName = Notifiy_Swift;
			productReference = 01F848361BE743CF00E018F8 /* Notifiy_Swift.app */;
			productType = "com.apple.product-type.application";
		};
		01F8484A1BE743D000E018F8 /* Notifiy_SwiftTests */ = {
			isa = PBXNativeTarget;
			buildConfigurationList = 01F848581BE743D000E018F8 /* Build configuration list for PBXNativeTarget "Notifiy_SwiftTests" */;
			buildPhases = (
				01F848471BE743D000E018F8 /* Sources */,
				01F848481BE743D000E018F8 /* Frameworks */,
				01F848491BE743D000E018F8 /* Resources */,
			);
			buildRules = (
			);
			dependencies = (
				01F8484D1BE743D000E018F8 /* PBXTargetDependency */,
			);
			name = Notifiy_SwiftTests;
			productName = Notifiy_SwiftTests;
			productReference = 01F8484B1BE743D000E018F8 /* Notifiy_SwiftTests.xctest */;
			productType = "com.apple.product-type.bundle.unit-test";
		};
/* End PBXNativeTarget section */

/* Begin PBXProject section */
		01F8482E1BE743CF00E018F8 /* Project object */ = {
			isa = PBXProject;
			attributes = {
				LastUpgradeCheck = 0600;
				ORGANIZATIONNAME = rize;
				TargetAttributes = {
					01F848351BE743CF00E018F8 = {
						CreatedOnToolsVersion = 6.0.1;
					};
					01F8484A1BE743D000E018F8 = {
						CreatedOnToolsVersion = 6.0.1;
						TestTargetID = 01F848351BE743CF00E018F8;
					};
				};
			};
			buildConfigurationList = 01F848311BE743CF00E018F8 /* Build configuration list for PBXProject "Notifiy_Swift" */;
			compatibilityVersion = "Xcode 3.2";
			developmentRegion = English;
			hasScannedForEncodings = 0;
			knownRegions = (
				en,
				Base,
			);
			mainGroup = 01F8482D1BE743CF00E018F8;
			productRefGroup = 01F848371BE743CF00E018F8 /* Products */;
			projectDirPath = "";
			projectRoot = "";
			targets = (
				01F848351BE743CF00E018F8 /* Notifiy_Swift */,
				01F8484A1BE743D000E018F8 /* Notifiy_SwiftTests */,
			);
		};
/* End PBXProject section */

/* Begin PBXResourcesBuildPhase section */
		01F848341BE743CF00E018F8 /* Resources */ = {
			isa = PBXResourcesBuildPhase;
			buildActionMask = 2147483647;
			files = (
				01F848411BE743CF00E018F8 /* Main.storyboard in Resources */,
				01F848461BE743CF00E018F8 /* LaunchScreen.xib in Resources */,
				01F848431BE743CF00E018F8 /* Images.xcassets in Resources */,
			);
			runOnlyForDeploymentPostprocessing = 0;
		};
		01F848491BE743D000E018F8 /* Resources */ = {
			isa = PBXResourcesBuildPhase;
			buildActionMask = 2147483647;
			files = (
			);
			runOnlyForDeploymentPostprocessing = 0;
		};
/* End PBXResourcesBuildPhase section */

/* Begin PBXSourcesBuildPhase section */
		01F848321BE743CF00E018F8 /* Sources */ = {
			isa = PBXSourcesBuildPhase;
			buildActionMask = 2147483647;
			files = (
				01F8483E1BE743CF00E018F8 /* ViewController.swift in Sources */,
				01F8483C1BE743CF00E018F8 /* AppDelegate.swift in Sources */,
				01F8485C1BE7441A00E018F8 /* ReciverController.swift in Sources */,
			);
			runOnlyForDeploymentPostprocessing = 0;
		};
		01F848471BE743D000E018F8 /* Sources */ = {
			isa = PBXSourcesBuildPhase;
			buildActionMask = 2147483647;
			files = (
				01F848521BE743D000E018F8 /* Notifiy_SwiftTests.swift in Sources */,
			);
			runOnlyForDeploymentPostprocessing = 0;
		};
/* End PBXSourcesBuildPhase section */

/* Begin PBXTargetDependency section */
		01F8484D1BE743D000E018F8 /* PBXTargetDependency */ = {
			isa = PBXTargetDependency;
			target = 01F848351BE743CF00E018F8 /* Notifiy_Swift */;
			targetProxy = 01F8484C1BE743D000E018F8 /* PBXContainerItemProxy */;
		};
/* End PBXTargetDependency section */

/* Begin PBXVariantGroup section */
		01F8483F1BE743CF00E018F8 /* Main.storyboard */ = {
			isa = PBXVariantGroup;
			children = (
				01F848401BE743CF00E018F8 /* Base */,
			);
			name = Main.storyboard;
			sourceTree = "<group>";
		};
		01F848441BE743CF00E018F8 /* LaunchScreen.xib */ = {
			isa = PBXVariantGroup;
			children = (
				01F848451BE743CF00E018F8 /* Base */,
			);
			name = LaunchScreen.xib;
			sourceTree = "<group>";
		};
/* End PBXVariantGroup section */

/* Begin XCBuildConfiguration section */
		01F848531BE743D000E018F8 /* Debug */ = {
			isa = XCBuildConfiguration;
			buildSettings = {
				ALWAYS_SEARCH_USER_PATHS = NO;
				CLANG_CXX_LANGUAGE_STANDARD = "gnu++0x";
				CLANG_CXX_LIBRARY = "libc++";
				CLANG_ENABLE_MODULES = YES;
				CLANG_ENABLE_OBJC_ARC = YES;
				CLANG_WARN_BOOL_CONVERSION = YES;
				CLANG_WARN_CONSTANT_CONVERSION = YES;
				CLANG_WARN_DIRECT_OBJC_ISA_USAGE = YES_ERROR;
				CLANG_WARN_EMPTY_BODY = YES;
				CLANG_WARN_ENUM_CONVERSION = YES;
				CLANG_WARN_INT_CONVERSION = YES;
				CLANG_WARN_OBJC_ROOT_CLASS = YES_ERROR;
				CLANG_WARN_UNREACHABLE_CODE = YES;
				CLANG_WARN__DUPLICATE_METHOD_MATCH = YES;
				"CODE_SIGN_IDENTITY[sdk=iphoneos*]" = "iPhone Developer";
				COPY_PHASE_STRIP = NO;
				ENABLE_STRICT_OBJC_MSGSEND = YES;
				GCC_C_LANGUAGE_STANDARD = gnu99;
				GCC_DYNAMIC_NO_PIC = NO;
				GCC_OPTIMIZATION_LEVEL = 0;
				GCC_PREPROCESSOR_DEFINITIONS = (
					"DEBUG=1",
					"$(inherited)",
				);
				GCC_SYMBOLS_PRIVATE_EXTERN = NO;
				GCC_WARN_64_TO_32_BIT_CONVERSION = YES;
				GCC_WARN_ABOUT_RETURN_TYPE = YES_ERROR;
				GCC_WARN_UNDECLARED_SELECTOR = YES;
				GCC_WARN_UNINITIALIZED_AUTOS = YES_AGGRESSIVE;
				GCC_WARN_UNUSED_FUNCTION = YES;
				GCC_WARN_UNUSED_VARIABLE = YES;
				IPHONEOS_DEPLOYMENT_TARGET = 8.0;
				MTL_ENABLE_DEBUG_INFO = YES;
				ONLY_ACTIVE_ARCH = YES;
				SDKROOT = iphoneos;
				SWIFT_OPTIMIZATION_LEVEL = "-Onone";
			};
			name = Debug;
		};
		01F848541BE743D000E018F8 /* Release */ = {
			isa = XCBuildConfiguration;
			buildSettings = {
				ALWAYS_SEARCH_USER_PATHS = NO;
				CLANG_CXX_LANGUAGE_STANDARD = "gnu++0x";
				CLANG_CXX_LIBRARY = "libc++";
				CLANG_ENABLE_MODULES = YES;
				CLANG_ENABLE_OBJC_ARC = YES;
				CLANG_WARN_BOOL_CONVERSION = YES;
				CLANG_WARN_CONSTANT_CONVERSION = YES;
				CLANG_WARN_DIRECT_OBJC_ISA_USAGE = YES_ERROR;
				CLANG_WARN_EMPTY_BODY = YES;
				CLANG_WARN_ENUM_CONVERSION = YES;
				CLANG_WARN_INT_CONVERSION = YES;
				CLANG_WARN_OBJC_ROOT_CLASS = YES_ERROR;
				CLANG_WARN_UNREACHABLE_CODE = YES;
				CLANG_WARN__DUPLICATE_METHOD_MATCH = YES;
				"CODE_SIGN_IDENTITY[sdk=iphoneos*]" = "iPhone Developer";
				COPY_PHASE_STRIP = YES;
				ENABLE_NS_ASSERTIONS = NO;
				ENABLE_STRICT_OBJC_MSGSEND = YES;
				GCC_C_LANGUAGE_STANDARD = gnu99;
				GCC_WARN_64_TO_32_BIT_CONVERSION = YES;
				GCC_WARN_ABOUT_RETURN_TYPE = YES_ERROR;
				GCC_WARN_UNDECLARED_SELECTOR = YES;
				GCC_WARN_UNINITIALIZED_AUTOS = YES_AGGRESSIVE;
				GCC_WARN_UNUSED_FUNCTION = YES;
				GCC_WARN_UNUSED_VARIABLE = YES;
				IPHONEOS_DEPLOYMENT_TARGET = 8.0;
				MTL_ENABLE_DEBUG_INFO = NO;
				SDKROOT = iphoneos;
				VALIDATE_PRODUCT = YES;
			};
			name = Release;
		};
		01F848561BE743D000E018F8 /* Debug */ = {
			isa = XCBuildConfiguration;
			buildSettings = {
				ASSETCATALOG_COMPILER_APPICON_NAME = AppIcon;
				INFOPLIST_FILE = Notifiy_Swift/Info.plist;
				LD_RUNPATH_SEARCH_PATHS = "$(inherited) @executable_path/Frameworks";
				PRODUCT_NAME = "$(TARGET_NAME)";
			};
			name = Debug;
		};
		01F848571BE743D000E018F8 /* Release */ = {
			isa = XCBuildConfiguration;
			buildSettings = {
				ASSETCATALOG_COMPILER_APPICON_NAME = AppIcon;
				INFOPLIST_FILE = Notifiy_Swift/Info.plist;
				LD_RUNPATH_SEARCH_PATHS = "$(inherited) @executable_path/Frameworks";
				PRODUCT_NAME = "$(TARGET_NAME)";
			};
			name = Release;
		};
		01F848591BE743D000E018F8 /* Debug */ = {
			isa = XCBuildConfiguration;
			buildSettings = {
				BUNDLE_LOADER = "$(TEST_HOST)";
				FRAMEWORK_SEARCH_PATHS = (
					"$(SDKROOT)/Developer/Library/Frameworks",
					"$(inherited)",
				);
				GCC_PREPROCESSOR_DEFINITIONS = (
					"DEBUG=1",
					"$(inherited)",
				);
				INFOPLIST_FILE = Notifiy_SwiftTests/Info.plist;
				LD_RUNPATH_SEARCH_PATHS = "$(inherited) @executable_path/Frameworks @loader_path/Frameworks";
				PRODUCT_NAME = "$(TARGET_NAME)";
				TEST_HOST = "$(BUILT_PRODUCTS_DIR)/Notifiy_Swift.app/Notifiy_Swift";
			};
			name = Debug;
		};
		01F8485A1BE743D000E018F8 /* Release */ = {
			isa = XCBuildConfiguration;
			buildSettings = {
				BUNDLE_LOADER = "$(TEST_HOST)";
				FRAMEWORK_SEARCH_PATHS = (
					"$(SDKROOT)/Developer/Library/Frameworks",
					"$(inherited)",
				);
				INFOPLIST_FILE = Notifiy_SwiftTests/Info.plist;
				LD_RUNPATH_SEARCH_PATHS = "$(inherited) @executable_path/Frameworks @loader_path/Frameworks";
				PRODUCT_NAME = "$(TARGET_NAME)";
				TEST_HOST = "$(BUILT_PRODUCTS_DIR)/Notifiy_Swift.app/Notifiy_Swift";
			};
			name = Release;
		};
/* End XCBuildConfiguration section */

/* Begin XCConfigurationList section */
		01F848311BE743CF00E018F8 /* Build configuration list for PBXProject "Notifiy_Swift" */ = {
			isa = XCConfigurationList;
			buildConfigurations = (
				01F848531BE743D000E018F8 /* Debug */,
				01F848541BE743D000E018F8 /* Release */,
			);
			defaultConfigurationIsVisible = 0;
			defaultConfigurationName = Release;
		};
		01F848551BE743D000E018F8 /* Build configuration list for PBXNativeTarget "Notifiy_Swift" */ = {
			isa = XCConfigurationList;
			buildConfigurations = (
				01F848561BE743D000E018F8 /* Debug */,
				01F848571BE743D000E018F8 /* Release */,
			);
			defaultConfigurationIsVisible = 0;
		};
		01F848581BE743D000E018F8 /* Build configuration list for PBXNativeTarget "Notifiy_SwiftTests" */ = {
			isa = XCConfigurationList;
			buildConfigurations = (
				01F848591BE743D000E018F8 /* Debug */,
				01F8485A1BE743D000E018F8 /* Release */,
			);
			defaultConfigurationIsVisible = 0;
		};
/* End XCConfigurationList section */
	};
	rootObject = 01F8482E1BE743CF00E018F8 /* Project object */;
}
